
Microsoft Visual Studio Solution File, Format Version 12.00
# Visual Studio Version 17
VisualStudioVersion = 17.12.35707.178 d17.12
MinimumVisualStudioVersion = 10.0.40219.1
Project("{FAE04EC0-301F-11D3-BF4B-00C04F79EFBC}") = "StudentManagement", "StudentManagement.csproj", "{1D02E105-5832-40BB-84AE-CD2EC2055845}"
EndProject
Project("{FAE04EC0-301F-11D3-BF4B-00C04F79EFBC}") = "StudentManagement.DataAccess", "..\StudentManagement.DataAccess\StudentManagement.DataAccess.csproj", "{C3009DCF-3668-469E-9A3F-1C4802B9E9B6}"
EndProject
Project("{FAE04EC0-301F-11D3-BF4B-00C04F79EFBC}") = "StudentManagement.Business", "..\StudentManagement.Business\StudentManagement.Business.csproj", "{1DB574B4-D7C8-4E1F-98F4-05F713168323}"
EndProject
Project("{FAE04EC0-301F-11D3-BF4B-00C04F79EFBC}") = "StudentManagement.Core", "..\StudentManagement.Core\StudentManagement.Core.csproj", "{57822EA8-3129-4DF7-A5A4-46AA206746BA}"
EndProject
Global
	GlobalSection(SolutionConfigurationPlatforms) = preSolution
		Debug|Any CPU = Debug|Any CPU
		Release|Any CPU = Release|Any CPU
	EndGlobalSection
	GlobalSection(ProjectConfigurationPlatforms) = postSolution
		{1D02E105-5832-40BB-84AE-CD2EC2055845}.Debug|Any CPU.ActiveCfg = Debug|Any CPU
		{1D02E105-5832-40BB-84AE-CD2EC2055845}.Debug|Any CPU.Build.0 = Debug|Any CPU
		{1D02E105-5832-40BB-84AE-CD2EC2055845}.Release|Any CPU.ActiveCfg = Release|Any CPU
		{1D02E105-5832-40BB-84AE-CD2EC2055845}.Release|Any CPU.Build.0 = Release|Any CPU
		{C3009DCF-3668-469E-9A3F-1C4802B9E9B6}.Debug|Any CPU.ActiveCfg = Debug|Any CPU
		{C3009DCF-3668-469E-9A3F-1C4802B9E9B6}.Debug|Any CPU.Build.0 = Debug|Any CPU
		{C3009DCF-3668-469E-9A3F-1C4802B9E9B6}.Release|Any CPU.ActiveCfg = Release|Any CPU
		{C3009DCF-3668-469E-9A3F-1C4802B9E9B6}.Release|Any CPU.Build.0 = Release|Any CPU
		{1DB574B4-D7C8-4E1F-98F4-05F713168323}.Debug|Any CPU.ActiveCfg = Debug|Any CPU
		{1DB574B4-D7C8-4E1F-98F4-05F713168323}.Debug|Any CPU.Build.0 = Debug|Any CPU
		{1DB574B4-D7C8-4E1F-98F4-05F713168323}.Release|Any CPU.ActiveCfg = Release|Any CPU
		{1DB574B4-D7C8-4E1F-98F4-05F713168323}.Release|Any CPU.Build.0 = Release|Any CPU
		{57822EA8-3129-4DF7-A5A4-46AA206746BA}.Debug|Any CPU.ActiveCfg = Debug|Any CPU
		{57822EA8-3129-4DF7-A5A4-46AA206746BA}.Debug|Any CPU.Build.0 = Debug|Any CPU
		{57822EA8-3129-4DF7-A5A4-46AA206746BA}.Release|Any CPU.ActiveCfg = Release|Any CPU
		{57822EA8-3129-4DF7-A5A4-46AA206746BA}.Release|Any CPU.Build.0 = Release|Any CPU
	EndGlobalSection
	GlobalSection(SolutionProperties) = preSolution
		HideSolutionNode = FALSE
	EndGlobalSection
EndGlobal
